// !$*UTF8*$!
{
	archiveVersion = 1;
	classes = {
	};
	objectVersion = 55;
	objects = {

/* Begin PBXBuildFile section */
		9037483F28975EE0008C7A21 /* AppDelegate.swift in Sources */ = {isa = PBXBuildFile; fileRef = 9037483E28975EE0008C7A21 /* AppDelegate.swift */; };
		9037484128975EE0008C7A21 /* SceneDelegate.swift in Sources */ = {isa = PBXBuildFile; fileRef = 9037484028975EE0008C7A21 /* SceneDelegate.swift */; };
		9037484328975EE0008C7A21 /* ViewController.swift in Sources */ = {isa = PBXBuildFile; fileRef = 9037484228975EE0008C7A21 /* ViewController.swift */; };
		9037484628975EE0008C7A21 /* Main.storyboard in Resources */ = {isa = PBXBuildFile; fileRef = 9037484428975EE0008C7A21 /* Main.storyboard */; };
		9037484828975EE2008C7A21 /* Assets.xcassets in Resources */ = {isa = PBXBuildFile; fileRef = 9037484728975EE2008C7A21 /* Assets.xcassets */; };
		9037484B28975EE2008C7A21 /* LaunchScreen.storyboard in Resources */ = {isa = PBXBuildFile; fileRef = 9037484928975EE2008C7A21 /* LaunchScreen.storyboard */; };
		9037485628975EE2008C7A21 /* CoreData_SampleTests.swift in Sources */ = {isa = PBXBuildFile; fileRef = 9037485528975EE2008C7A21 /* CoreData_SampleTests.swift */; };
		9037486028975EE2008C7A21 /* CoreData_SampleUITests.swift in Sources */ = {isa = PBXBuildFile; fileRef = 9037485F28975EE2008C7A21 /* CoreData_SampleUITests.swift */; };
		9037486228975EE2008C7A21 /* CoreData_SampleUITestsLaunchTests.swift in Sources */ = {isa = PBXBuildFile; fileRef = 9037486128975EE2008C7A21 /* CoreData_SampleUITestsLaunchTests.swift */; };
		9037487028975FC6008C7A21 /* XCDataModel.xcdatamodeld in Sources */ = {isa = PBXBuildFile; fileRef = 9037486E28975FC6008C7A21 /* XCDataModel.xcdatamodeld */; };
		9037487228976476008C7A21 /* TableViewCell.swift in Sources */ = {isa = PBXBuildFile; fileRef = 9037487128976476008C7A21 /* TableViewCell.swift */; };
/* End PBXBuildFile section */

/* Begin PBXContainerItemProxy section */
		9037485228975EE2008C7A21 /* PBXContainerItemProxy */ = {
			isa = PBXContainerItemProxy;
			containerPortal = 9037483328975EE0008C7A21 /* Project object */;
			proxyType = 1;
			remoteGlobalIDString = 9037483A28975EE0008C7A21;
			remoteInfo = CoreData_Sample;
		};
		9037485C28975EE2008C7A21 /* PBXContainerItemProxy */ = {
			isa = PBXContainerItemProxy;
			containerPortal = 9037483328975EE0008C7A21 /* Project object */;
			proxyType = 1;
			remoteGlobalIDString = 9037483A28975EE0008C7A21;
			remoteInfo = CoreData_Sample;
		};
/* End PBXContainerItemProxy section */

/* Begin PBXFileReference section */
		9037483B28975EE0008C7A21 /* CoreData_Sample.app */ = {isa = PBXFileReference; explicitFileType = wrapper.application; includeInIndex = 0; path = CoreData_Sample.app; sourceTree = BUILT_PRODUCTS_DIR; };
		9037483E28975EE0008C7A21 /* AppDelegate.swift */ = {isa = PBXFileReference; lastKnownFileType = sourcecode.swift; path = AppDelegate.swift; sourceTree = "<group>"; };
		9037484028975EE0008C7A21 /* SceneDelegate.swift */ = {isa = PBXFileReference; lastKnownFileType = sourcecode.swift; path = SceneDelegate.swift; sourceTree = "<group>"; };
		9037484228975EE0008C7A21 /* ViewController.swift */ = {isa = PBXFileReference; lastKnownFileType = sourcecode.swift; path = ViewController.swift; sourceTree = "<group>"; };
		9037484528975EE0008C7A21 /* Base */ = {isa = PBXFileReference; lastKnownFileType = file.storyboard; name = Base; path = Base.lproj/Main.storyboard; sourceTree = "<group>"; };
		9037484728975EE2008C7A21 /* Assets.xcassets */ = {isa = PBXFileReference; lastKnownFileType = folder.assetcatalog; path = Assets.xcassets; sourceTree = "<group>"; };
		9037484A28975EE2008C7A21 /* Base */ = {isa = PBXFileReference; lastKnownFileType = file.storyboard; name = Base; path = Base.lproj/LaunchScreen.storyboard; sourceTree = "<group>"; };
		9037484C28975EE2008C7A21 /* Info.plist */ = {isa = PBXFileReference; lastKnownFileType = text.plist.xml; path = Info.plist; sourceTree = "<group>"; };
		9037485128975EE2008C7A21 /* CoreData_SampleTests.xctest */ = {isa = PBXFileReference; explicitFileType = wrapper.cfbundle; includeInIndex = 0; path = CoreData_SampleTests.xctest; sourceTree = BUILT_PRODUCTS_DIR; };
		9037485528975EE2008C7A21 /* CoreData_SampleTests.swift */ = {isa = PBXFileReference; lastKnownFileType = sourcecode.swift; path = CoreData_SampleTests.swift; sourceTree = "<group>"; };
		9037485B28975EE2008C7A21 /* CoreData_SampleUITests.xctest */ = {isa = PBXFileReference; explicitFileType = wrapper.cfbundle; includeInIndex = 0; path = CoreData_SampleUITests.xctest; sourceTree = BUILT_PRODUCTS_DIR; };
		9037485F28975EE2008C7A21 /* CoreData_SampleUITests.swift */ = {isa = PBXFileReference; lastKnownFileType = sourcecode.swift; path = CoreData_SampleUITests.swift; sourceTree = "<group>"; };
		9037486128975EE2008C7A21 /* CoreData_SampleUITestsLaunchTests.swift */ = {isa = PBXFileReference; lastKnownFileType = sourcecode.swift; path = CoreData_SampleUITestsLaunchTests.swift; sourceTree = "<group>"; };
		9037486F28975FC6008C7A21 /* XCDataModel.xcdatamodel */ = {isa = PBXFileReference; lastKnownFileType = wrapper.xcdatamodel; path = XCDataModel.xcdatamodel; sourceTree = "<group>"; };
		9037487128976476008C7A21 /* TableViewCell.swift */ = {isa = PBXFileReference; lastKnownFileType = sourcecode.swift; path = TableViewCell.swift; sourceTree = "<group>"; };
/* End PBXFileReference section */

/* Begin PBXFrameworksBuildPhase section */
		9037483828975EE0008C7A21 /* Frameworks */ = {
			isa = PBXFrameworksBuildPhase;
			buildActionMask = 2147483647;
			files = (
			);
			runOnlyForDeploymentPostprocessing = 0;
		};
		9037484E28975EE2008C7A21 /* Frameworks */ = {
			isa = PBXFrameworksBuildPhase;
			buildActionMask = 2147483647;
			files = (
			);
			runOnlyForDeploymentPostprocessing = 0;
		};
		9037485828975EE2008C7A21 /* Frameworks */ = {
			isa = PBXFrameworksBuildPhase;
			buildActionMask = 2147483647;
			files = (
			);
			runOnlyForDeploymentPostprocessing = 0;
		};
/* End PBXFrameworksBuildPhase section */

/* Begin PBXGroup section */
		9037483228975EE0008C7A21 = {
			isa = PBXGroup;
			children = (
				9037483D28975EE0008C7A21 /* CoreData_Sample */,
				9037485428975EE2008C7A21 /* CoreData_SampleTests */,
				9037485E28975EE2008C7A21 /* CoreData_SampleUITests */,
				9037483C28975EE0008C7A21 /* Products */,
			);
			sourceTree = "<group>";
		};
		9037483C28975EE0008C7A21 /* Products */ = {
			isa = PBXGroup;
			children = (
				9037483B28975EE0008C7A21 /* CoreData_Sample.app */,
				9037485128975EE2008C7A21 /* CoreData_SampleTests.xctest */,
				9037485B28975EE2008C7A21 /* CoreData_SampleUITests.xctest */,
			);
			name = Products;
			sourceTree = "<group>";
		};
		9037483D28975EE0008C7A21 /* CoreData_Sample */ = {
			isa = PBXGroup;
			children = (
				9037483E28975EE0008C7A21 /* AppDelegate.swift */,
				9037484028975EE0008C7A21 /* SceneDelegate.swift */,
				9037484228975EE0008C7A21 /* ViewController.swift */,
				9037486E28975FC6008C7A21 /* XCDataModel.xcdatamodeld */,
				9037487128976476008C7A21 /* TableViewCell.swift */,
				9037484428975EE0008C7A21 /* Main.storyboard */,
				9037484728975EE2008C7A21 /* Assets.xcassets */,
				9037484928975EE2008C7A21 /* LaunchScreen.storyboard */,
				9037484C28975EE2008C7A21 /* Info.plist */,
			);
			path = CoreData_Sample;
			sourceTree = "<group>";
		};
		9037485428975EE2008C7A21 /* CoreData_SampleTests */ = {
			isa = PBXGroup;
			children = (
				9037485528975EE2008C7A21 /* CoreData_SampleTests.swift */,
			);
			path = CoreData_SampleTests;
			sourceTree = "<group>";
		};
		9037485E28975EE2008C7A21 /* CoreData_SampleUITests */ = {
			isa = PBXGroup;
			children = (
				9037485F28975EE2008C7A21 /* CoreData_SampleUITests.swift */,
				9037486128975EE2008C7A21 /* CoreData_SampleUITestsLaunchTests.swift */,
			);
			path = CoreData_SampleUITests;
			sourceTree = "<group>";
		};
/* End PBXGroup section */

/* Begin PBXNativeTarget section */
		9037483A28975EE0008C7A21 /* CoreData_Sample */ = {
			isa = PBXNativeTarget;
			buildConfigurationList = 9037486528975EE2008C7A21 /* Build configuration list for PBXNativeTarget "CoreData_Sample" */;
			buildPhases = (
				9037483728975EE0008C7A21 /* Sources */,
				9037483828975EE0008C7A21 /* Frameworks */,
				9037483928975EE0008C7A21 /* Resources */,
			);
			buildRules = (
			);
			dependencies = (
			);
			name = CoreData_Sample;
			productName = CoreData_Sample;
			productReference = 9037483B28975EE0008C7A21 /* CoreData_Sample.app */;
			productType = "com.apple.product-type.application";
		};
		9037485028975EE2008C7A21 /* CoreData_SampleTests */ = {
			isa = PBXNativeTarget;
			buildConfigurationList = 9037486828975EE2008C7A21 /* Build configuration list for PBXNativeTarget "CoreData_SampleTests" */;
			buildPhases = (
				9037484D28975EE2008C7A21 /* Sources */,
				9037484E28975EE2008C7A21 /* Frameworks */,
				9037484F28975EE2008C7A21 /* Resources */,
			);
			buildRules = (
			);
			dependencies = (
				9037485328975EE2008C7A21 /* PBXTargetDependency */,
			);
			name = CoreData_SampleTests;
			productName = CoreData_SampleTests;
			productReference = 9037485128975EE2008C7A21 /* CoreData_SampleTests.xctest */;
			productType = "com.apple.product-type.bundle.unit-test";
		};
		9037485A28975EE2008C7A21 /* CoreData_SampleUITests */ = {
			isa = PBXNativeTarget;
			buildConfigurationList = 9037486B28975EE2008C7A21 /* Build configuration list for PBXNativeTarget "CoreData_SampleUITests" */;
			buildPhases = (
				9037485728975EE2008C7A21 /* Sources */,
				9037485828975EE2008C7A21 /* Frameworks */,
				9037485928975EE2008C7A21 /* Resources */,
			);
			buildRules = (
			);
			dependencies = (
				9037485D28975EE2008C7A21 /* PBXTargetDependency */,
			);
			name = CoreData_SampleUITests;
			productName = CoreData_SampleUITests;
			productReference = 9037485B28975EE2008C7A21 /* CoreData_SampleUITests.xctest */;
			productType = "com.apple.product-type.bundle.ui-testing";
		};
/* End PBXNativeTarget section */

/* Begin PBXProject section */
		9037483328975EE0008C7A21 /* Project object */ = {
			isa = PBXProject;
			attributes = {
				BuildIndependentTargetsInParallel = 1;
				LastSwiftUpdateCheck = 1340;
				LastUpgradeCheck = 1340;
				TargetAttributes = {
					9037483A28975EE0008C7A21 = {
						CreatedOnToolsVersion = 13.4.1;
					};
					9037485028975EE2008C7A21 = {
						CreatedOnToolsVersion = 13.4.1;
						TestTargetID = 9037483A28975EE0008C7A21;
					};
					9037485A28975EE2008C7A21 = {
						CreatedOnToolsVersion = 13.4.1;
						TestTargetID = 9037483A28975EE0008C7A21;
					};
				};
			};
			buildConfigurationList = 9037483628975EE0008C7A21 /* Build configuration list for PBXProject "CoreData_Sample" */;
			compatibilityVersion = "Xcode 13.0";
			developmentRegion = en;
			hasScannedForEncodings = 0;
			knownRegions = (
				en,
				Base,
			);
			mainGroup = 9037483228975EE0008C7A21;
			productRefGroup = 9037483C28975EE0008C7A21 /* Products */;
			projectDirPath = "";
			projectRoot = "";
			targets = (
				9037483A28975EE0008C7A21 /* CoreData_Sample */,
				9037485028975EE2008C7A21 /* CoreData_SampleTests */,
				9037485A28975EE2008C7A21 /* CoreData_SampleUITests */,
			);
		};
/* End PBXProject section */

/* Begin PBXResourcesBuildPhase section */
		9037483928975EE0008C7A21 /* Resources */ = {
			isa = PBXResourcesBuildPhase;
			buildActionMask = 2147483647;
			files = (
				9037484B28975EE2008C7A21 /* LaunchScreen.storyboard in Resources */,
				9037484828975EE2008C7A21 /* Assets.xcassets in Resources */,
				9037484628975EE0008C7A21 /* Main.storyboard in Resources */,
			);
			runOnlyForDeploymentPostprocessing = 0;
		};
		9037484F28975EE2008C7A21 /* Resources */ = {
			isa = PBXResourcesBuildPhase;
			buildActionMask = 2147483647;
			files = (
			);
			runOnlyForDeploymentPostprocessing = 0;
		};
		9037485928975EE2008C7A21 /* Resources */ = {
			isa = PBXResourcesBuildPhase;
			buildActionMask = 2147483647;
			files = (
			);
			runOnlyForDeploymentPostprocessing = 0;
		};
/* End PBXResourcesBuildPhase section */

/* Begin PBXSourcesBuildPhase section */
		9037483728975EE0008C7A21 /* Sources */ = {
			isa = PBXSourcesBuildPhase;
			buildActionMask = 2147483647;
			files = (
				9037487228976476008C7A21 /* TableViewCell.swift in Sources */,
				9037484328975EE0008C7A21 /* ViewController.swift in Sources */,
				9037483F28975EE0008C7A21 /* AppDelegate.swift in Sources */,
				9037487028975FC6008C7A21 /* XCDataModel.xcdatamodeld in Sources */,
				9037484128975EE0008C7A21 /* SceneDelegate.swift in Sources */,
			);
			runOnlyForDeploymentPostprocessing = 0;
		};
		9037484D28975EE2008C7A21 /* Sources */ = {
			isa = PBXSourcesBuildPhase;
			buildActionMask = 2147483647;
			files = (
				9037485628975EE2008C7A21 /* CoreData_SampleTests.swift in Sources */,
			);
			runOnlyForDeploymentPostprocessing = 0;
		};
		9037485728975EE2008C7A21 /* Sources */ = {
			isa = PBXSourcesBuildPhase;
			buildActionMask = 2147483647;
			files = (
				9037486028975EE2008C7A21 /* CoreData_SampleUITests.swift in Sources */,
				9037486228975EE2008C7A21 /* CoreData_SampleUITestsLaunchTests.swift in Sources */,
			);
			runOnlyForDeploymentPostprocessing = 0;
		};
/* End PBXSourcesBuildPhase section */

/* Begin PBXTargetDependency section */
		9037485328975EE2008C7A21 /* PBXTargetDependency */ = {
			isa = PBXTargetDependency;
			target = 9037483A28975EE0008C7A21 /* CoreData_Sample */;
			targetProxy = 9037485228975EE2008C7A21 /* PBXContainerItemProxy */;
		};
		9037485D28975EE2008C7A21 /* PBXTargetDependency */ = {
			isa = PBXTargetDependency;
			target = 9037483A28975EE0008C7A21 /* CoreData_Sample */;
			targetProxy = 9037485C28975EE2008C7A21 /* PBXContainerItemProxy */;
		};
/* End PBXTargetDependency section */

/* Begin PBXVariantGroup section */
		9037484428975EE0008C7A21 /* Main.storyboard */ = {
			isa = PBXVariantGroup;
			children = (
				9037484528975EE0008C7A21 /* Base */,
			);
			name = Main.storyboard;
			sourceTree = "<group>";
		};
		9037484928975EE2008C7A21 /* LaunchScreen.storyboard */ = {
			isa = PBXVariantGroup;
			children = (
				9037484A28975EE2008C7A21 /* Base */,
			);
			name = LaunchScreen.storyboard;
			sourceTree = "<group>";
		};
/* End PBXVariantGroup section */

/* Begin XCBuildConfiguration section */
		9037486328975EE2008C7A21 /* Debug */ = {
			isa = XCBuildConfiguration;
			buildSettings = {
				ALWAYS_SEARCH_USER_PATHS = NO;
				CLANG_ANALYZER_NONNULL = YES;
				CLANG_ANALYZER_NUMBER_OBJECT_CONVERSION = YES_AGGRESSIVE;
				CLANG_CXX_LANGUAGE_STANDARD = "gnu++17";
				CLANG_ENABLE_MODULES = YES;
				CLANG_ENABLE_OBJC_ARC = YES;
				CLANG_ENABLE_OBJC_WEAK = YES;
				CLANG_WARN_BLOCK_CAPTURE_AUTORELEASING = YES;
				CLANG_WARN_BOOL_CONVERSION = YES;
				CLANG_WARN_COMMA = YES;
				CLANG_WARN_CONSTANT_CONVERSION = YES;
				CLANG_WARN_DEPRECATED_OBJC_IMPLEMENTATIONS = YES;
				CLANG_WARN_DIRECT_OBJC_ISA_USAGE = YES_ERROR;
				CLANG_WARN_DOCUMENTATION_COMMENTS = YES;
				CLANG_WARN_EMPTY_BODY = YES;
				CLANG_WARN_ENUM_CONVERSION = YES;
				CLANG_WARN_INFINITE_RECURSION = YES;
				CLANG_WARN_INT_CONVERSION = YES;
				CLANG_WARN_NON_LITERAL_NULL_CONVERSION = YES;
				CLANG_WARN_OBJC_IMPLICIT_RETAIN_SELF = YES;
				CLANG_WARN_OBJC_LITERAL_CONVERSION = YES;
				CLANG_WARN_OBJC_ROOT_CLASS = YES_ERROR;
				CLANG_WARN_QUOTED_INCLUDE_IN_FRAMEWORK_HEADER = YES;
				CLANG_WARN_RANGE_LOOP_ANALYSIS = YES;
				CLANG_WARN_STRICT_PROTOTYPES = YES;
				CLANG_WARN_SUSPICIOUS_MOVE = YES;
				CLANG_WARN_UNGUARDED_AVAILABILITY = YES_AGGRESSIVE;
				CLANG_WARN_UNREACHABLE_CODE = YES;
				CLANG_WARN__DUPLICATE_METHOD_MATCH = YES;
				COPY_PHASE_STRIP = NO;
				DEBUG_INFORMATION_FORMAT = dwarf;
				ENABLE_STRICT_OBJC_MSGSEND = YES;
				ENABLE_TESTABILITY = YES;
				GCC_C_LANGUAGE_STANDARD = gnu11;
				GCC_DYNAMIC_NO_PIC = NO;
				GCC_NO_COMMON_BLOCKS = YES;
				GCC_OPTIMIZATION_LEVEL = 0;
				GCC_PREPROCESSOR_DEFINITIONS = (
					"DEBUG=1",
					"$(inherited)",
				);
				GCC_WARN_64_TO_32_BIT_CONVERSION = YES;
				GCC_WARN_ABOUT_RETURN_TYPE = YES_ERROR;
				GCC_WARN_UNDECLARED_SELECTOR = YES;
				GCC_WARN_UNINITIALIZED_AUTOS = YES_AGGRESSIVE;
				GCC_WARN_UNUSED_FUNCTION = YES;
				GCC_WARN_UNUSED_VARIABLE = YES;
				IPHONEOS_DEPLOYMENT_TARGET = 15.5;
				MTL_ENABLE_DEBUG_INFO = INCLUDE_SOURCE;
				MTL_FAST_MATH = YES;
				ONLY_ACTIVE_ARCH = YES;
				SDKROOT = iphoneos;
				SWIFT_ACTIVE_COMPILATION_CONDITIONS = DEBUG;
				SWIFT_OPTIMIZATION_LEVEL = "-Onone";
			};
			name = Debug;
		};
		9037486428975EE2008C7A21 /* Release */ = {
			isa = XCBuildConfiguration;
			buildSettings = {
				ALWAYS_SEARCH_USER_PATHS = NO;
				CLANG_ANALYZER_NONNULL = YES;
				CLANG_ANALYZER_NUMBER_OBJECT_CONVERSION = YES_AGGRESSIVE;
				CLANG_CXX_LANGUAGE_STANDARD = "gnu++17";
				CLANG_ENABLE_MODULES = YES;
				CLANG_ENABLE_OBJC_ARC = YES;
				CLANG_ENABLE_OBJC_WEAK = YES;
				CLANG_WARN_BLOCK_CAPTURE_AUTORELEASING = YES;
				CLANG_WARN_BOOL_CONVERSION = YES;
				CLANG_WARN_COMMA = YES;
				CLANG_WARN_CONSTANT_CONVERSION = YES;
				CLANG_WARN_DEPRECATED_OBJC_IMPLEMENTATIONS = YES;
				CLANG_WARN_DIRECT_OBJC_ISA_USAGE = YES_ERROR;
				CLANG_WARN_DOCUMENTATION_COMMENTS = YES;
				CLANG_WARN_EMPTY_BODY = YES;
				CLANG_WARN_ENUM_CONVERSION = YES;
				CLANG_WARN_INFINITE_RECURSION = YES;
				CLANG_WARN_INT_CONVERSION = YES;
				CLANG_WARN_NON_LITERAL_NULL_CONVERSION = YES;
				CLANG_WARN_OBJC_IMPLICIT_RETAIN_SELF = YES;
				CLANG_WARN_OBJC_LITERAL_CONVERSION = YES;
				CLANG_WARN_OBJC_ROOT_CLASS = YES_ERROR;
				CLANG_WARN_QUOTED_INCLUDE_IN_FRAMEWORK_HEADER = YES;
				CLANG_WARN_RANGE_LOOP_ANALYSIS = YES;
				CLANG_WARN_STRICT_PROTOTYPES = YES;
				CLANG_WARN_SUSPICIOUS_MOVE = YES;
				CLANG_WARN_UNGUARDED_AVAILABILITY = YES_AGGRESSIVE;
				CLANG_WARN_UNREACHABLE_CODE = YES;
				CLANG_WARN__DUPLICATE_METHOD_MATCH = YES;
				COPY_PHASE_STRIP = NO;
				DEBUG_INFORMATION_FORMAT = "dwarf-with-dsym";
				ENABLE_NS_ASSERTIONS = NO;
				ENABLE_STRICT_OBJC_MSGSEND = YES;
				GCC_C_LANGUAGE_STANDARD = gnu11;
				GCC_NO_COMMON_BLOCKS = YES;
				GCC_WARN_64_TO_32_BIT_CONVERSION = YES;
				GCC_WARN_ABOUT_RETURN_TYPE = YES_ERROR;
				GCC_WARN_UNDECLARED_SELECTOR = YES;
				GCC_WARN_UNINITIALIZED_AUTOS = YES_AGGRESSIVE;
				GCC_WARN_UNUSED_FUNCTION = YES;
				GCC_WARN_UNUSED_VARIABLE = YES;
				IPHONEOS_DEPLOYMENT_TARGET = 15.5;
				MTL_ENABLE_DEBUG_INFO = NO;
				MTL_FAST_MATH = YES;
				SDKROOT = iphoneos;
				SWIFT_COMPILATION_MODE = wholemodule;
				SWIFT_OPTIMIZATION_LEVEL = "-O";
				VALIDATE_PRODUCT = YES;
			};
			name = Release;
		};
		9037486628975EE2008C7A21 /* Debug */ = {
			isa = XCBuildConfiguration;
			buildSettings = {
				ASSETCATALOG_COMPILER_APPICON_NAME = AppIcon;
				ASSETCATALOG_COMPILER_GLOBAL_ACCENT_COLOR_NAME = AccentColor;
				CODE_SIGN_STYLE = Automatic;
				CURRENT_PROJECT_VERSION = 1;
				DEVELOPMENT_TEAM = GDKDK6KP5Z;
				GENERATE_INFOPLIST_FILE = YES;
				INFOPLIST_FILE = CoreData_Sample/Info.plist;
				INFOPLIST_KEY_UIApplicationSupportsIndirectInputEvents = YES;
				INFOPLIST_KEY_UILaunchStoryboardName = LaunchScreen;
				INFOPLIST_KEY_UIMainStoryboardFile = Main;
				INFOPLIST_KEY_UISupportedInterfaceOrientations_iPad = "UIInterfaceOrientationPortrait UIInterfaceOrientationPortraitUpsideDown UIInterfaceOrientationLandscapeLeft UIInterfaceOrientationLandscapeRight";
				INFOPLIST_KEY_UISupportedInterfaceOrientations_iPhone = "UIInterfaceOrientationPortrait UIInterfaceOrientationLandscapeLeft UIInterfaceOrientationLandscapeRight";
				LD_RUNPATH_SEARCH_PATHS = (
					"$(inherited)",
					"@executable_path/Frameworks",
				);
				MARKETING_VERSION = 1.0;
				PRODUCT_BUNDLE_IDENTIFIER = "com.apple.sample.coredata.sample.CoreData-Sample";
				PRODUCT_NAME = "$(TARGET_NAME)";
				SWIFT_EMIT_LOC_STRINGS = YES;
				SWIFT_VERSION = 5.0;
				TARGETED_DEVICE_FAMILY = "1,2";
			};
			name = Debug;
		};
		9037486728975EE2008C7A21 /* Release */ = {
			isa = XCBuildConfiguration;
			buildSettings = {
				ASSETCATALOG_COMPILER_APPICON_NAME = AppIcon;
				ASSETCATALOG_COMPILER_GLOBAL_ACCENT_COLOR_NAME = AccentColor;
				CODE_SIGN_STYLE = Automatic;
				CURRENT_PROJECT_VERSION = 1;
				DEVELOPMENT_TEAM = GDKDK6KP5Z;
				GENERATE_INFOPLIST_FILE = YES;
				INFOPLIST_FILE = CoreData_Sample/Info.plist;
				INFOPLIST_KEY_UIApplicationSupportsIndirectInputEvents = YES;
				INFOPLIST_KEY_UILaunchStoryboardName = LaunchScreen;
				INFOPLIST_KEY_UIMainStoryboardFile = Main;
				INFOPLIST_KEY_UISupportedInterfaceOrientations_iPad = "UIInterfaceOrientationPortrait UIInterfaceOrientationPortraitUpsideDown UIInterfaceOrientationLandscapeLeft UIInterfaceOrientationLandscapeRight";
				INFOPLIST_KEY_UISupportedInterfaceOrientations_iPhone = "UIInterfaceOrientationPortrait UIInterfaceOrientationLandscapeLeft UIInterfaceOrientationLandscapeRight";
				LD_RUNPATH_SEARCH_PATHS = (
					"$(inherited)",
					"@executable_path/Frameworks",
				);
				MARKETING_VERSION = 1.0;
				PRODUCT_BUNDLE_IDENTIFIER = "com.apple.sample.coredata.sample.CoreData-Sample";
				PRODUCT_NAME = "$(TARGET_NAME)";
				SWIFT_EMIT_LOC_STRINGS = YES;
				SWIFT_VERSION = 5.0;
				TARGETED_DEVICE_FAMILY = "1,2";
			};
			name = Release;
		};
		9037486928975EE2008C7A21 /* Debug */ = {
			isa = XCBuildConfiguration;
			buildSettings = {
				ALWAYS_EMBED_SWIFT_STANDARD_LIBRARIES = YES;
				BUNDLE_LOADER = "$(TEST_HOST)";
				CODE_SIGN_STYLE = Automatic;
				CURRENT_PROJECT_VERSION = 1;
				DEVELOPMENT_TEAM = GDKDK6KP5Z;
				GENERATE_INFOPLIST_FILE = YES;
				IPHONEOS_DEPLOYMENT_TARGET = 15.5;
				MARKETING_VERSION = 1.0;
				PRODUCT_BUNDLE_IDENTIFIER = "com.apple.sample.coredata.sample.CoreData-SampleTests";
				PRODUCT_NAME = "$(TARGET_NAME)";
				SWIFT_EMIT_LOC_STRINGS = NO;
				SWIFT_VERSION = 5.0;
				TARGETED_DEVICE_FAMILY = "1,2";
				TEST_HOST = "$(BUILT_PRODUCTS_DIR)/CoreData_Sample.app/CoreData_Sample";
			};
			name = Debug;
		};
		9037486A28975EE2008C7A21 /* Release */ = {
			isa = XCBuildConfiguration;
			buildSettings = {
				ALWAYS_EMBED_SWIFT_STANDARD_LIBRARIES = YES;
				BUNDLE_LOADER = "$(TEST_HOST)";
				CODE_SIGN_STYLE = Automatic;
				CURRENT_PROJECT_VERSION = 1;
				DEVELOPMENT_TEAM = GDKDK6KP5Z;
				GENERATE_INFOPLIST_FILE = YES;
				IPHONEOS_DEPLOYMENT_TARGET = 15.5;
				MARKETING_VERSION = 1.0;
				PRODUCT_BUNDLE_IDENTIFIER = "com.apple.sample.coredata.sample.CoreData-SampleTests";
				PRODUCT_NAME = "$(TARGET_NAME)";
				SWIFT_EMIT_LOC_STRINGS = NO;
				SWIFT_VERSION = 5.0;
				TARGETED_DEVICE_FAMILY = "1,2";
				TEST_HOST = "$(BUILT_PRODUCTS_DIR)/CoreData_Sample.app/CoreData_Sample";
			};
			name = Release;
		};
		9037486C28975EE2008C7A21 /* Debug */ = {
			isa = XCBuildConfiguration;
			buildSettings = {
				ALWAYS_EMBED_SWIFT_STANDARD_LIBRARIES = YES;
				CODE_SIGN_STYLE = Automatic;
				CURRENT_PROJECT_VERSION = 1;
				DEVELOPMENT_TEAM = GDKDK6KP5Z;
				GENERATE_INFOPLIST_FILE = YES;
				MARKETING_VERSION = 1.0;
				PRODUCT_BUNDLE_IDENTIFIER = "com.apple.sample.coredata.sample.CoreData-SampleUITests";
				PRODUCT_NAME = "$(TARGET_NAME)";
				SWIFT_EMIT_LOC_STRINGS = NO;
				SWIFT_VERSION = 5.0;
				TARGETED_DEVICE_FAMILY = "1,2";
				TEST_TARGET_NAME = CoreData_Sample;
			};
			name = Debug;
		};
		9037486D28975EE2008C7A21 /* Release */ = {
			isa = XCBuildConfiguration;
			buildSettings = {
				ALWAYS_EMBED_SWIFT_STANDARD_LIBRARIES = YES;
				CODE_SIGN_STYLE = Automatic;
				CURRENT_PROJECT_VERSION = 1;
				DEVELOPMENT_TEAM = GDKDK6KP5Z;
				GENERATE_INFOPLIST_FILE = YES;
				MARKETING_VERSION = 1.0;
				PRODUCT_BUNDLE_IDENTIFIER = "com.apple.sample.coredata.sample.CoreData-SampleUITests";
				PRODUCT_NAME = "$(TARGET_NAME)";
				SWIFT_EMIT_LOC_STRINGS = NO;
				SWIFT_VERSION = 5.0;
				TARGETED_DEVICE_FAMILY = "1,2";
				TEST_TARGET_NAME = CoreData_Sample;
			};
			name = Release;
		};
/* End XCBuildConfiguration section */

/* Begin XCConfigurationList section */
		9037483628975EE0008C7A21 /* Build configuration list for PBXProject "CoreData_Sample" */ = {
			isa = XCConfigurationList;
			buildConfigurations = (
				9037486328975EE2008C7A21 /* Debug */,
				9037486428975EE2008C7A21 /* Release */,
			);
			defaultConfigurationIsVisible = 0;
			defaultConfigurationName = Release;
		};
		9037486528975EE2008C7A21 /* Build configuration list for PBXNativeTarget "CoreData_Sample" */ = {
			isa = XCConfigurationList;
			buildConfigurations = (
				9037486628975EE2008C7A21 /* Debug */,
				9037486728975EE2008C7A21 /* Release */,
			);
			defaultConfigurationIsVisible = 0;
			defaultConfigurationName = Release;
		};
		9037486828975EE2008C7A21 /* Build configuration list for PBXNativeTarget "CoreData_SampleTests" */ = {
			isa = XCConfigurationList;
			buildConfigurations = (
				9037486928975EE2008C7A21 /* Debug */,
				9037486A28975EE2008C7A21 /* Release */,
			);
			defaultConfigurationIsVisible = 0;
			defaultConfigurationName = Release;
		};
		9037486B28975EE2008C7A21 /* Build configuration list for PBXNativeTarget "CoreData_SampleUITests" */ = {
			isa = XCConfigurationList;
			buildConfigurations = (
				9037486C28975EE2008C7A21 /* Debug */,
				9037486D28975EE2008C7A21 /* Release */,
			);
			defaultConfigurationIsVisible = 0;
			defaultConfigurationName = Release;
		};
/* End XCConfigurationList section */

/* Begin XCVersionGroup section */
		9037486E28975FC6008C7A21 /* XCDataModel.xcdatamodeld */ = {
			isa = XCVersionGroup;
			children = (
				9037486F28975FC6008C7A21 /* XCDataModel.xcdatamodel */,
			);
			currentVersion = 9037486F28975FC6008C7A21 /* XCDataModel.xcdatamodel */;
			path = XCDataModel.xcdatamodeld;
			sourceTree = "<group>";
			versionGroupType = wrapper.xcdatamodel;
		};
/* End XCVersionGroup section */
	};
	rootObject = 9037483328975EE0008C7A21 /* Project object */;
}
